
Microsoft Visual Studio Solution File, Format Version 12.00
# Visual Studio Version 16
VisualStudioVersion = 16.0.32106.194
MinimumVisualStudioVersion = 10.0.40219.1
Project("{FAE04EC0-301F-11D3-BF4B-00C04F79EFBC}") = "Sinav-Sistemi", "Sinav-Sistemi\Sinav-Sistemi.csproj", "{6801CB77-E83E-4FE6-919A-7E09765A3FE2}"
EndProject
Global
	GlobalSection(SolutionConfigurationPlatforms) = preSolution
		Debug|Any CPU = Debug|Any CPU
		Release|Any CPU = Release|Any CPU
	EndGlobalSection
	GlobalSection(ProjectConfigurationPlatforms) = postSolution
		{6801CB77-E83E-4FE6-919A-7E09765A3FE2}.Debug|Any CPU.ActiveCfg = Debug|Any CPU
		{6801CB77-E83E-4FE6-919A-7E09765A3FE2}.Debug|Any CPU.Build.0 = Debug|Any CPU
		{6801CB77-E83E-4FE6-919A-7E09765A3FE2}.Release|Any CPU.ActiveCfg = Release|Any CPU
		{6801CB77-E83E-4FE6-919A-7E09765A3FE2}.Release|Any CPU.Build.0 = Release|Any CPU
	EndGlobalSection
	GlobalSection(SolutionProperties) = preSolution
		HideSolutionNode = FALSE
	EndGlobalSection
	GlobalSection(ExtensibilityGlobals) = postSolution
		SolutionGuid = {82826945-A46C-4247-B321-F8C5F2441083}
	EndGlobalSection
EndGlobal
